{
  "version": 4,
  "terraform_version": "1.9.7",
  "serial": 87,
  "lineage": "117fb0d9-6dee-3fca-33b1-ed74bbf258f9",
  "outputs": {},
  "resources": [
    {
      "mode": "data",
      "type": "aws_subnet",
      "name": "selected",
      "provider": "provider[\"registry.terraform.io/hashicorp/aws\"]",
      "instances": [
        {
          "schema_version": 0,
          "attributes": {
            "arn": "arn:aws:ec2:eu-central-1:913345395749:subnet/subnet-2d5cff44",
            "assign_ipv6_address_on_creation": false,
            "availability_zone": "eu-central-1a",
            "availability_zone_id": "euc1-az2",
            "available_ip_address_count": 4089,
            "cidr_block": "172.31.0.0/20",
            "customer_owned_ipv4_pool": "",
            "default_for_az": true,
            "enable_dns64": false,
            "enable_lni_at_device_index": 0,
            "enable_resource_name_dns_a_record_on_launch": false,
            "enable_resource_name_dns_aaaa_record_on_launch": false,
            "filter": null,
            "id": "subnet-2d5cff44",
            "ipv6_cidr_block": "",
            "ipv6_cidr_block_association_id": "",
            "ipv6_native": false,
            "map_customer_owned_ip_on_launch": false,
            "map_public_ip_on_launch": true,
            "outpost_arn": "",
            "owner_id": "913345395749",
            "private_dns_hostname_type_on_launch": "ip-name",
            "state": "available",
            "tags": {},
            "timeouts": null,
            "vpc_id": "vpc-5821fe31"
          },
          "sensitive_attributes": []
        }
      ]
    },
    {
      "mode": "managed",
      "type": "aws_iam_instance_profile",
      "name": "instance",
      "provider": "provider[\"registry.terraform.io/hashicorp/aws\"]",
      "instances": [
        {
          "schema_version": 0,
          "attributes": {
            "arn": "arn:aws:iam::913345395749:instance-profile/ssm-showcase",
            "create_date": "2024-10-04T09:40:24Z",
            "id": "ssm-showcase",
            "name": "ssm-showcase",
            "name_prefix": "",
            "path": "/",
            "role": "ssm-showcase",
            "tags": {
              "Name": "ssm-showcase"
            },
            "tags_all": {
              "Environment": "showcase",
              "Name": "ssm-showcase",
              "Ownership": "opfa",
              "Project": "ssm-showcase",
              "ProvisionedBy": "terraform"
            },
            "unique_id": "AIPA5JJ5AXQSUYHE4YMNZ"
          },
          "sensitive_attributes": [],
          "private": "bnVsbA==",
          "dependencies": [
            "aws_iam_policy.ssm_access",
            "aws_iam_role.instance"
          ]
        }
      ]
    },
    {
      "mode": "managed",
      "type": "aws_iam_policy",
      "name": "ssm_access",
      "provider": "provider[\"registry.terraform.io/hashicorp/aws\"]",
      "instances": [
        {
          "schema_version": 0,
          "attributes": {
            "arn": "arn:aws:iam::913345395749:policy/SSMAccessPolicy",
            "attachment_count": 0,
            "description": "Allow access through SSM",
            "id": "arn:aws:iam::913345395749:policy/SSMAccessPolicy",
            "name": "SSMAccessPolicy",
            "name_prefix": "",
            "path": "/",
            "policy": "{\"Statement\":[{\"Action\":[\"ssm:DescribeAssociation\",\"ssm:GetDeployablePatchSnapshotForInstance\",\"ssm:GetDocument\",\"ssm:DescribeDocument\",\"ssm:GetManifest\",\"ssm:GetParameter\",\"ssm:GetParameters\",\"ssm:ListAssociations\",\"ssm:ListInstanceAssociations\",\"ssm:PutInventory\",\"ssm:PutComplianceItems\",\"ssm:PutConfigurePackageResult\",\"ssm:UpdateAssociationStatus\",\"ssm:UpdateInstanceAssociationStatus\",\"ssm:UpdateInstanceInformation\"],\"Effect\":\"Allow\",\"Resource\":\"*\"},{\"Action\":[\"ssmmessages:CreateControlChannel\",\"ssmmessages:CreateDataChannel\",\"ssmmessages:OpenControlChannel\",\"ssmmessages:OpenDataChannel\"],\"Effect\":\"Allow\",\"Resource\":\"*\"},{\"Action\":[\"ec2messages:AcknowledgeMessage\",\"ec2messages:DeleteMessage\",\"ec2messages:FailMessage\",\"ec2messages:GetEndpoint\",\"ec2messages:GetMessages\",\"ec2messages:SendReply\"],\"Effect\":\"Allow\",\"Resource\":\"*\"}],\"Version\":\"2012-10-17\"}",
            "policy_id": "ANPA5JJ5AXQSWBIMOCM2V",
            "tags": {
              "Name": "ssm-showcase"
            },
            "tags_all": {
              "Environment": "showcase",
              "Name": "ssm-showcase",
              "Ownership": "opfa",
              "Project": "ssm-showcase",
              "ProvisionedBy": "terraform"
            }
          },
          "sensitive_attributes": [],
          "private": "bnVsbA=="
        }
      ]
    },
    {
      "mode": "managed",
      "type": "aws_iam_role",
      "name": "instance",
      "provider": "provider[\"registry.terraform.io/hashicorp/aws\"]",
      "instances": [
        {
          "schema_version": 0,
          "attributes": {
            "arn": "arn:aws:iam::913345395749:role/ssm-showcase",
            "assume_role_policy": "{\"Statement\":[{\"Action\":[\"sts:AssumeRole\"],\"Effect\":\"Allow\",\"Principal\":{\"Service\":\"ec2.amazonaws.com\"}}],\"Version\":\"2012-10-17\"}",
            "create_date": "2024-10-04T09:40:23Z",
            "description": "",
            "force_detach_policies": false,
            "id": "ssm-showcase",
            "inline_policy": [],
            "managed_policy_arns": [
              "arn:aws:iam::913345395749:policy/SSMAccessPolicy"
            ],
            "max_session_duration": 3600,
            "name": "ssm-showcase",
            "name_prefix": "",
            "path": "/",
            "permissions_boundary": "",
            "tags": {
              "Name": "ssm-showcase"
            },
            "tags_all": {
              "Environment": "showcase",
              "Name": "ssm-showcase",
              "Ownership": "opfa",
              "Project": "ssm-showcase",
              "ProvisionedBy": "terraform"
            },
            "unique_id": "AROA5JJ5AXQST27574RG6"
          },
          "sensitive_attributes": [],
          "private": "bnVsbA==",
          "dependencies": [
            "aws_iam_policy.ssm_access"
          ]
        }
      ]
    },
    {
      "mode": "managed",
      "type": "aws_iam_role_policy",
      "name": "instance_access_bucket",
      "provider": "provider[\"registry.terraform.io/hashicorp/aws\"]",
      "instances": [
        {
          "schema_version": 0,
          "attributes": {
            "id": "ssm-showcase:Allow-bucket-access",
            "name": "Allow-bucket-access",
            "name_prefix": "",
            "policy": "{\"Version\":\"2012-10-17\",\"Statement\":[{\"Action\":[\"s3:*\"],\"Effect\":\"Allow\",\"Resource\":[\"arn:aws:s3:::showcase.artifacts.bucket\",\"arn:aws:s3:::showcase.artifacts.bucket/*\"]}]}",
            "role": "ssm-showcase"
          },
          "sensitive_attributes": [],
          "private": "bnVsbA==",
          "dependencies": [
            "aws_iam_policy.ssm_access",
            "aws_iam_role.instance",
            "aws_s3_bucket.artifacts_bucket"
          ]
        }
      ]
    },
    {
      "mode": "managed",
      "type": "aws_instance",
      "name": "showcase_instance",
      "provider": "provider[\"registry.terraform.io/hashicorp/aws\"]",
      "instances": [
        {
          "schema_version": 1,
          "attributes": {
            "ami": "ami-0584590e5f0e97daa",
            "arn": "arn:aws:ec2:eu-central-1:913345395749:instance/i-0adb56e2bbad82238",
            "associate_public_ip_address": true,
            "availability_zone": "eu-central-1a",
            "capacity_reservation_specification": [
              {
                "capacity_reservation_preference": "open",
                "capacity_reservation_target": []
              }
            ],
            "cpu_core_count": 1,
            "cpu_options": [
              {
                "amd_sev_snp": "",
                "core_count": 1,
                "threads_per_core": 1
              }
            ],
            "cpu_threads_per_core": 1,
            "credit_specification": [
              {
                "cpu_credits": "standard"
              }
            ],
            "disable_api_stop": false,
            "disable_api_termination": false,
            "ebs_block_device": [],
            "ebs_optimized": false,
            "enclave_options": [
              {
                "enabled": false
              }
            ],
            "ephemeral_block_device": [],
            "get_password_data": false,
            "hibernation": false,
            "host_id": "",
            "host_resource_group_arn": null,
            "iam_instance_profile": "ssm-showcase",
            "id": "i-0adb56e2bbad82238",
            "instance_initiated_shutdown_behavior": "stop",
            "instance_lifecycle": "",
            "instance_market_options": [],
            "instance_state": "running",
            "instance_type": "t2.micro",
            "ipv6_address_count": 0,
            "ipv6_addresses": [],
            "key_name": "ssm-showcase",
            "launch_template": [
              {
                "id": "lt-031cd4a234013065e",
                "name": "Debian_SSM_agent",
                "version": "$Default"
              }
            ],
            "maintenance_options": [
              {
                "auto_recovery": "default"
              }
            ],
            "metadata_options": [
              {
                "http_endpoint": "enabled",
                "http_protocol_ipv6": "disabled",
                "http_put_response_hop_limit": 1,
                "http_tokens": "optional",
                "instance_metadata_tags": "disabled"
              }
            ],
            "monitoring": false,
            "network_interface": [],
            "outpost_arn": "",
            "password_data": "",
            "placement_group": "",
            "placement_partition_number": 0,
            "primary_network_interface_id": "eni-00401f508da6fd779",
            "private_dns": "ip-172-31-8-161.eu-central-1.compute.internal",
            "private_dns_name_options": [
              {
                "enable_resource_name_dns_a_record": false,
                "enable_resource_name_dns_aaaa_record": false,
                "hostname_type": "ip-name"
              }
            ],
            "private_ip": "172.31.8.161",
            "public_dns": "ec2-3-121-115-67.eu-central-1.compute.amazonaws.com",
            "public_ip": "3.121.115.67",
            "root_block_device": [
              {
                "delete_on_termination": true,
                "device_name": "/dev/xvda",
                "encrypted": false,
                "iops": 3000,
                "kms_key_id": "",
                "tags": {
                  "Name": "ssm-showcase"
                },
                "tags_all": {
                  "Environment": "showcase",
                  "Name": "ssm-showcase",
                  "Ownership": "opfa",
                  "Project": "ssm-showcase",
                  "ProvisionedBy": "terraform"
                },
                "throughput": 125,
                "volume_id": "vol-0ff9befd0288614ba",
                "volume_size": 30,
                "volume_type": "gp3"
              }
            ],
            "secondary_private_ips": [],
            "security_groups": [
              "default"
            ],
            "source_dest_check": true,
            "spot_instance_request_id": "",
            "subnet_id": "subnet-2d5cff44",
            "tags": {
              "Name": "ssm-showcase"
            },
            "tags_all": {
              "Environment": "showcase",
              "Name": "ssm-showcase",
              "Ownership": "opfa",
              "Project": "ssm-showcase",
              "ProvisionedBy": "terraform"
            },
            "tenancy": "default",
            "timeouts": null,
            "user_data": "82f0076960992afb4f89fa419c90fc9a9bc6fecd",
            "user_data_base64": null,
            "user_data_replace_on_change": false,
            "volume_tags": null,
            "vpc_security_group_ids": [
              "sg-719c2a18"
            ]
          },
          "sensitive_attributes": [],
          "private": "eyJlMmJmYjczMC1lY2FhLTExZTYtOGY4OC0zNDM2M2JjN2M0YzAiOnsiY3JlYXRlIjo2MDAwMDAwMDAwMDAsImRlbGV0ZSI6MTIwMDAwMDAwMDAwMCwicmVhZCI6OTAwMDAwMDAwMDAwLCJ1cGRhdGUiOjYwMDAwMDAwMDAwMH0sInNjaGVtYV92ZXJzaW9uIjoiMSJ9",
          "dependencies": [
            "aws_iam_instance_profile.instance",
            "aws_iam_policy.ssm_access",
            "aws_iam_role.instance",
            "aws_key_pair.instance",
            "aws_launch_template.debian_ssm_agent",
            "data.aws_subnet.selected"
          ]
        }
      ]
    },
    {
      "mode": "managed",
      "type": "aws_key_pair",
      "name": "instance",
      "provider": "provider[\"registry.terraform.io/hashicorp/aws\"]",
      "instances": [
        {
          "schema_version": 1,
          "attributes": {
            "arn": "arn:aws:ec2:eu-central-1:913345395749:key-pair/ssm-showcase",
            "fingerprint": "5e:68:41:8a:67:a6:88:bb:8e:77:be:d9:9f:fc:2f:d3",
            "id": "ssm-showcase",
            "key_name": "ssm-showcase",
            "key_name_prefix": "",
            "key_pair_id": "key-035356247ac107c0d",
            "key_type": "rsa",
            "public_key": "ssh-rsa AAAAB3NzaC1yc2EAAAADAQABAAABgQC0gR5gW8HNGrBY9dA0AGzFpyrSKA1ld1oqOtZ29Rlq7rAotEh13qNdFpJyIMJ1mXwZXPZLimPzBwlkUS7GQh6d0rQsClJhl4syEyn6OCz3WWT99bdFXciZUK3NPTkDoL895EGYmwpWwq/ZUfLmgEcl1f7bO7qEJ54RxAEL+LbLHBma6fDu95kfc1W+iJv1Cv0bQ2JjT9UBMDqGbLFmzmqKE4qei4r9718VtDnL71No6cNoCZJl07qv2IWMtwrTvd3Y6MwXb2+p/4YmkrpfXqnqnJk4jqrvZN3pxoGvsnTqmLbh+5v+0O6K35ks3d5Qb4jsoR1ATCwx6IueL9X80Ii2rXzskBUzSfpB3mkXAbkrqXKMMGHZTdqjPDTExTXp2qQjJPpzlXD2bhOVhx3bE0obf5Aholpx47ryDLf1bxqSR9Bkp8ybk05r/VDuVViDyCPBG1gv9GglzLHuVlq+Os80kkiBhZrxNaL2EHBf+74QY9I93PQNDslwn/TGm9ocRX8= efalanga@ironhide",
            "tags": {
              "Name": "ssm-showcase"
            },
            "tags_all": {
              "Environment": "showcase",
              "Name": "ssm-showcase",
              "Ownership": "opfa",
              "Project": "ssm-showcase",
              "ProvisionedBy": "terraform"
            }
          },
          "sensitive_attributes": [],
          "private": "eyJzY2hlbWFfdmVyc2lvbiI6IjEifQ=="
        }
      ]
    },
    {
      "mode": "managed",
      "type": "aws_launch_template",
      "name": "debian_ssm_agent",
      "provider": "provider[\"registry.terraform.io/hashicorp/aws\"]",
      "instances": [
        {
          "schema_version": 0,
          "attributes": {
            "arn": "arn:aws:ec2:eu-central-1:913345395749:launch-template/lt-031cd4a234013065e",
            "block_device_mappings": [],
            "capacity_reservation_specification": [],
            "cpu_options": [],
            "credit_specification": [],
            "default_version": 1,
            "description": "A basic Debian instance with already installed SSM manager",
            "disable_api_stop": false,
            "disable_api_termination": false,
            "ebs_optimized": "",
            "elastic_gpu_specifications": [],
            "elastic_inference_accelerator": [],
            "enclave_options": [],
            "hibernation_options": [],
            "iam_instance_profile": [],
            "id": "lt-031cd4a234013065e",
            "image_id": "ami-0584590e5f0e97daa",
            "instance_initiated_shutdown_behavior": "",
            "instance_market_options": [],
            "instance_requirements": [],
            "instance_type": "",
            "kernel_id": "",
            "key_name": "",
            "latest_version": 1,
            "license_specification": [],
            "maintenance_options": [],
            "metadata_options": [],
            "monitoring": [],
            "name": "Debian_SSM_agent",
            "name_prefix": "",
            "network_interfaces": [],
            "placement": [],
            "private_dns_name_options": [],
            "ram_disk_id": "",
            "security_group_names": null,
            "tag_specifications": [],
            "tags": {
              "Name": "ssm-showcase"
            },
            "tags_all": {
              "Environment": "showcase",
              "Name": "ssm-showcase",
              "Ownership": "opfa",
              "Project": "ssm-showcase",
              "ProvisionedBy": "terraform"
            },
            "update_default_version": null,
            "user_data": "IyEvYmluL2Jhc2gKbWtkaXIgL3RtcC9zc20KY2QgL3RtcC9zc20Kd2dldCBodHRwczovL3MzLmFtYXpvbmF3cy5jb20vZWMyLWRvd25sb2Fkcy13aW5kb3dzL1NTTUFnZW50L2xhdGVzdC9kZWJpYW5fYW1kNjQvYW1hem9uLXNzbS1hZ2VudC5kZWIKc3VkbyBkcGtnIC1pIGFtYXpvbi1zc20tYWdlbnQuZGViCnN1ZG8gc3lzdGVtY3RsIGVuYWJsZSBhbWF6b24tc3NtLWFnZW50CnN1ZG8gc3lzdGVtY3RsIHN0YXJ0IGFtYXpvbi1zc20tYWdlbnQ=",
            "vpc_security_group_ids": null
          },
          "sensitive_attributes": [],
          "private": "bnVsbA=="
        }
      ]
    },
    {
      "mode": "managed",
      "type": "aws_s3_bucket",
      "name": "artifacts_bucket",
      "provider": "provider[\"registry.terraform.io/hashicorp/aws\"]",
      "instances": [
        {
          "schema_version": 0,
          "attributes": {
            "acceleration_status": "",
            "acl": null,
            "arn": "arn:aws:s3:::showcase.artifacts.bucket",
            "bucket": "showcase.artifacts.bucket",
            "bucket_domain_name": "showcase.artifacts.bucket.s3.amazonaws.com",
            "bucket_prefix": "",
            "bucket_regional_domain_name": "showcase.artifacts.bucket.s3.eu-central-1.amazonaws.com",
            "cors_rule": [],
            "force_destroy": true,
            "grant": [
              {
                "id": "0efdb85c6f6db8575217f0feffbf627819aef334170edd01a395d5a92177fe13",
                "permissions": [
                  "FULL_CONTROL"
                ],
                "type": "CanonicalUser",
                "uri": ""
              }
            ],
            "hosted_zone_id": "Z21DNDUVLTQW6Q",
            "id": "showcase.artifacts.bucket",
            "lifecycle_rule": [],
            "logging": [],
            "object_lock_configuration": [],
            "object_lock_enabled": false,
            "policy": "",
            "region": "eu-central-1",
            "replication_configuration": [],
            "request_payer": "BucketOwner",
            "server_side_encryption_configuration": [
              {
                "rule": [
                  {
                    "apply_server_side_encryption_by_default": [
                      {
                        "kms_master_key_id": "",
                        "sse_algorithm": "AES256"
                      }
                    ],
                    "bucket_key_enabled": false
                  }
                ]
              }
            ],
            "tags": {
              "Name": "ssm-showcase"
            },
            "tags_all": {
              "Environment": "showcase",
              "Name": "ssm-showcase",
              "Ownership": "opfa",
              "Project": "ssm-showcase",
              "ProvisionedBy": "terraform"
            },
            "timeouts": null,
            "versioning": [
              {
                "enabled": false,
                "mfa_delete": false
              }
            ],
            "website": [],
            "website_domain": null,
            "website_endpoint": null
          },
          "sensitive_attributes": [],
          "private": "eyJlMmJmYjczMC1lY2FhLTExZTYtOGY4OC0zNDM2M2JjN2M0YzAiOnsiY3JlYXRlIjoxMjAwMDAwMDAwMDAwLCJkZWxldGUiOjM2MDAwMDAwMDAwMDAsInJlYWQiOjEyMDAwMDAwMDAwMDAsInVwZGF0ZSI6MTIwMDAwMDAwMDAwMH19"
        }
      ]
    },
    {
      "mode": "managed",
      "type": "aws_s3_bucket_lifecycle_configuration",
      "name": "artifacts_bucket_lc",
      "provider": "provider[\"registry.terraform.io/hashicorp/aws\"]",
      "instances": [
        {
          "schema_version": 0,
          "attributes": {
            "bucket": "showcase.artifacts.bucket",
            "expected_bucket_owner": "",
            "id": "showcase.artifacts.bucket",
            "rule": [
              {
                "abort_incomplete_multipart_upload": [],
                "expiration": [
                  {
                    "date": "",
                    "days": 1,
                    "expired_object_delete_marker": false
                  }
                ],
                "filter": [
                  {
                    "and": [],
                    "object_size_greater_than": "",
                    "object_size_less_than": "",
                    "prefix": "",
                    "tag": []
                  }
                ],
                "id": "expire_all",
                "noncurrent_version_expiration": [],
                "noncurrent_version_transition": [],
                "prefix": "",
                "status": "Enabled",
                "transition": []
              }
            ],
            "timeouts": null
          },
          "sensitive_attributes": [],
          "private": "eyJlMmJmYjczMC1lY2FhLTExZTYtOGY4OC0zNDM2M2JjN2M0YzAiOnsiY3JlYXRlIjoxODAwMDAwMDAwMDAsInVwZGF0ZSI6MTgwMDAwMDAwMDAwfX0=",
          "dependencies": [
            "aws_s3_bucket.artifacts_bucket"
          ]
        }
      ]
    }
  ],
  "check_results": null
}
